
Microsoft Visual Studio Solution File, Format Version 12.00
# Visual Studio Express 2013 for Web
VisualStudioVersion = 12.0.30110.0
MinimumVisualStudioVersion = 10.0.40219.1
Project("{FAE04EC0-301F-11D3-BF4B-00C04F79EFBC}") = "Company.Commerce.Data", "Company.Commerce.Data\Company.Commerce.Data.csproj", "{1F21E8B4-42DC-4C35-AF90-FDFFDF007AD1}"
EndProject
Project("{FAE04EC0-301F-11D3-BF4B-00C04F79EFBC}") = "Company.Commerce.Entity", "Company.Commerce.Entity\Company.Commerce.Entity.csproj", "{D6B76945-39EB-4FD2-AF1E-362DD68ECEB2}"
EndProject
Project("{FAE04EC0-301F-11D3-BF4B-00C04F79EFBC}") = "Company.Commerce.Repository", "Company.Commerce.Repository\Company.Commerce.Repository.csproj", "{07F620E3-81F7-4B1C-96AF-CD94A2C415F7}"
EndProject
Project("{FAE04EC0-301F-11D3-BF4B-00C04F79EFBC}") = "Company.Commerce.Service", "Company.Commerce.Service\Company.Commerce.Service.csproj", "{DD8812BF-EE76-4932-892A-E2199A6BC8C4}"
EndProject
Project("{FAE04EC0-301F-11D3-BF4B-00C04F79EFBC}") = "Company.Commerce.Service.IntegrationTest", "Company.Commerce.Service.IntegrationTest\Company.Commerce.Service.IntegrationTest.csproj", "{E18623F1-8792-44BF-AE47-6276997B50A0}"
EndProject
Project("{FAE04EC0-301F-11D3-BF4B-00C04F79EFBC}") = "Company.Commerce.Web", "Company.Commerce.Web\Company.Commerce.Web.csproj", "{152B76EC-A753-4124-8BE5-C59EF2D0C5FD}"
EndProject
Project("{FAE04EC0-301F-11D3-BF4B-00C04F79EFBC}") = "Company.Commerce.Framework", "Company.Commerce.Framework\Company.Commerce.Framework.csproj", "{6415A112-6C78-45D5-A8A1-CA60263451A8}"
EndProject
Project("{2150E333-8FDC-42A3-9474-1A3956D46DE8}") = ".nuget", ".nuget", "{8D6A5E11-5829-41B2-92CF-6959FC742846}"
	ProjectSection(SolutionItems) = preProject
		.nuget\packages.config = .nuget\packages.config
	EndProjectSection
EndProject
Global
	GlobalSection(SolutionConfigurationPlatforms) = preSolution
		Debug|Any CPU = Debug|Any CPU
		Release|Any CPU = Release|Any CPU
	EndGlobalSection
	GlobalSection(ProjectConfigurationPlatforms) = postSolution
		{1F21E8B4-42DC-4C35-AF90-FDFFDF007AD1}.Debug|Any CPU.ActiveCfg = Debug|Any CPU
		{1F21E8B4-42DC-4C35-AF90-FDFFDF007AD1}.Debug|Any CPU.Build.0 = Debug|Any CPU
		{1F21E8B4-42DC-4C35-AF90-FDFFDF007AD1}.Release|Any CPU.ActiveCfg = Release|Any CPU
		{1F21E8B4-42DC-4C35-AF90-FDFFDF007AD1}.Release|Any CPU.Build.0 = Release|Any CPU
		{D6B76945-39EB-4FD2-AF1E-362DD68ECEB2}.Debug|Any CPU.ActiveCfg = Debug|Any CPU
		{D6B76945-39EB-4FD2-AF1E-362DD68ECEB2}.Debug|Any CPU.Build.0 = Debug|Any CPU
		{D6B76945-39EB-4FD2-AF1E-362DD68ECEB2}.Release|Any CPU.ActiveCfg = Release|Any CPU
		{D6B76945-39EB-4FD2-AF1E-362DD68ECEB2}.Release|Any CPU.Build.0 = Release|Any CPU
		{07F620E3-81F7-4B1C-96AF-CD94A2C415F7}.Debug|Any CPU.ActiveCfg = Debug|Any CPU
		{07F620E3-81F7-4B1C-96AF-CD94A2C415F7}.Debug|Any CPU.Build.0 = Debug|Any CPU
		{07F620E3-81F7-4B1C-96AF-CD94A2C415F7}.Release|Any CPU.ActiveCfg = Release|Any CPU
		{07F620E3-81F7-4B1C-96AF-CD94A2C415F7}.Release|Any CPU.Build.0 = Release|Any CPU
		{DD8812BF-EE76-4932-892A-E2199A6BC8C4}.Debug|Any CPU.ActiveCfg = Debug|Any CPU
		{DD8812BF-EE76-4932-892A-E2199A6BC8C4}.Debug|Any CPU.Build.0 = Debug|Any CPU
		{DD8812BF-EE76-4932-892A-E2199A6BC8C4}.Release|Any CPU.ActiveCfg = Release|Any CPU
		{DD8812BF-EE76-4932-892A-E2199A6BC8C4}.Release|Any CPU.Build.0 = Release|Any CPU
		{E18623F1-8792-44BF-AE47-6276997B50A0}.Debug|Any CPU.ActiveCfg = Debug|Any CPU
		{E18623F1-8792-44BF-AE47-6276997B50A0}.Debug|Any CPU.Build.0 = Debug|Any CPU
		{E18623F1-8792-44BF-AE47-6276997B50A0}.Release|Any CPU.ActiveCfg = Release|Any CPU
		{E18623F1-8792-44BF-AE47-6276997B50A0}.Release|Any CPU.Build.0 = Release|Any CPU
		{152B76EC-A753-4124-8BE5-C59EF2D0C5FD}.Debug|Any CPU.ActiveCfg = Debug|Any CPU
		{152B76EC-A753-4124-8BE5-C59EF2D0C5FD}.Debug|Any CPU.Build.0 = Debug|Any CPU
		{152B76EC-A753-4124-8BE5-C59EF2D0C5FD}.Release|Any CPU.ActiveCfg = Release|Any CPU
		{152B76EC-A753-4124-8BE5-C59EF2D0C5FD}.Release|Any CPU.Build.0 = Release|Any CPU
		{6415A112-6C78-45D5-A8A1-CA60263451A8}.Debug|Any CPU.ActiveCfg = Debug|Any CPU
		{6415A112-6C78-45D5-A8A1-CA60263451A8}.Debug|Any CPU.Build.0 = Debug|Any CPU
		{6415A112-6C78-45D5-A8A1-CA60263451A8}.Release|Any CPU.ActiveCfg = Release|Any CPU
		{6415A112-6C78-45D5-A8A1-CA60263451A8}.Release|Any CPU.Build.0 = Release|Any CPU
	EndGlobalSection
	GlobalSection(SolutionProperties) = preSolution
		HideSolutionNode = FALSE
	EndGlobalSection
EndGlobal
